
Microsoft Visual Studio Solution File, Format Version 12.00
# Visual Studio Version 16
VisualStudioVersion = 16.0.29609.76
MinimumVisualStudioVersion = 10.0.40219.1
Project("{FAE04EC0-301F-11D3-BF4B-00C04F79EFBC}") = "Controller", "Controller\Controller.csproj", "{1C29D5D8-6C72-4CE3-B54A-BD2C01449063}"
EndProject
Project("{FAE04EC0-301F-11D3-BF4B-00C04F79EFBC}") = "Model", "Model\Model.csproj", "{08CB843B-E646-4990-A0DE-029B44B70C20}"
EndProject
Project("{FAE04EC0-301F-11D3-BF4B-00C04F79EFBC}") = "View", "View\View.csproj", "{9738AA71-5A2D-430B-8776-AFAB5B6ED01C}"
EndProject
Global
	GlobalSection(SolutionConfigurationPlatforms) = preSolution
		Debug|Any CPU = Debug|Any CPU
		Release|Any CPU = Release|Any CPU
	EndGlobalSection
	GlobalSection(ProjectConfigurationPlatforms) = postSolution
		{1C29D5D8-6C72-4CE3-B54A-BD2C01449063}.Debug|Any CPU.ActiveCfg = Debug|Any CPU
		{1C29D5D8-6C72-4CE3-B54A-BD2C01449063}.Debug|Any CPU.Build.0 = Debug|Any CPU
		{1C29D5D8-6C72-4CE3-B54A-BD2C01449063}.Release|Any CPU.ActiveCfg = Release|Any CPU
		{1C29D5D8-6C72-4CE3-B54A-BD2C01449063}.Release|Any CPU.Build.0 = Release|Any CPU
		{08CB843B-E646-4990-A0DE-029B44B70C20}.Debug|Any CPU.ActiveCfg = Debug|Any CPU
		{08CB843B-E646-4990-A0DE-029B44B70C20}.Debug|Any CPU.Build.0 = Debug|Any CPU
		{08CB843B-E646-4990-A0DE-029B44B70C20}.Release|Any CPU.ActiveCfg = Release|Any CPU
		{08CB843B-E646-4990-A0DE-029B44B70C20}.Release|Any CPU.Build.0 = Release|Any CPU
		{9738AA71-5A2D-430B-8776-AFAB5B6ED01C}.Debug|Any CPU.ActiveCfg = Debug|Any CPU
		{9738AA71-5A2D-430B-8776-AFAB5B6ED01C}.Debug|Any CPU.Build.0 = Debug|Any CPU
		{9738AA71-5A2D-430B-8776-AFAB5B6ED01C}.Release|Any CPU.ActiveCfg = Release|Any CPU
		{9738AA71-5A2D-430B-8776-AFAB5B6ED01C}.Release|Any CPU.Build.0 = Release|Any CPU
	EndGlobalSection
	GlobalSection(SolutionProperties) = preSolution
		HideSolutionNode = FALSE
	EndGlobalSection
	GlobalSection(ExtensibilityGlobals) = postSolution
		SolutionGuid = {9F16F474-1626-43D9-A353-50ED65F9E81D}
	EndGlobalSection
EndGlobal
